// !$*UTF8*$!
{
	archiveVersion = 1;
	classes = {
	};
	objectVersion = 56;
	objects = {

/* Begin PBXBuildFile section */
		3EF3AD6F2BE56B490023530B /* MenuARApp.swift in Sources */ = {isa = PBXBuildFile; fileRef = 3EF3AD6E2BE56B490023530B /* MenuARApp.swift */; };
		3EF3AD712BE56B490023530B /* ContentView.swift in Sources */ = {isa = PBXBuildFile; fileRef = 3EF3AD702BE56B490023530B /* ContentView.swift */; };
		3EF3AD732BE56B520023530B /* Assets.xcassets in Resources */ = {isa = PBXBuildFile; fileRef = 3EF3AD722BE56B520023530B /* Assets.xcassets */; };
		3EF3AD762BE56B520023530B /* Preview Assets.xcassets in Resources */ = {isa = PBXBuildFile; fileRef = 3EF3AD752BE56B520023530B /* Preview Assets.xcassets */; };
		3EF3AD7D2BE56CAE0023530B /* Readme.md in Resources */ = {isa = PBXBuildFile; fileRef = 3EF3AD7C2BE56CAE0023530B /* Readme.md */; };
		3EF3AD802BE56F9C0023530B /* FocusEntity in Frameworks */ = {isa = PBXBuildFile; productRef = 3EF3AD7F2BE56F9C0023530B /* FocusEntity */; };
		3EF3AD852BE570400023530B /* HomeView.swift in Sources */ = {isa = PBXBuildFile; fileRef = 3EF3AD842BE570400023530B /* HomeView.swift */; };
		3EF3AD872BE5768F0023530B /* ControlView.swift in Sources */ = {isa = PBXBuildFile; fileRef = 3EF3AD862BE5768F0023530B /* ControlView.swift */; };
		3EF3AD912BE579510023530B /* hamburguesa.usdz in Resources */ = {isa = PBXBuildFile; fileRef = 3EF3AD892BE5794B0023530B /* hamburguesa.usdz */; };
		3EF3AD922BE579510023530B /* fresa.usdz in Resources */ = {isa = PBXBuildFile; fileRef = 3EF3AD8A2BE5794C0023530B /* fresa.usdz */; };
		3EF3AD932BE579510023530B /* carne.usdz in Resources */ = {isa = PBXBuildFile; fileRef = 3EF3AD8B2BE5794D0023530B /* carne.usdz */; };
		3EF3AD942BE579520023530B /* pollo.usdz in Resources */ = {isa = PBXBuildFile; fileRef = 3EF3AD8C2BE5794E0023530B /* pollo.usdz */; };
		3EF3AD952BE579520023530B /* cereza.usdz in Resources */ = {isa = PBXBuildFile; fileRef = 3EF3AD8D2BE5794F0023530B /* cereza.usdz */; };
		3EF3AD962BE579520023530B /* vainilla.usdz in Resources */ = {isa = PBXBuildFile; fileRef = 3EF3AD8E2BE5794F0023530B /* vainilla.usdz */; };
		3EF3AD972BE579520023530B /* pizza.usdz in Resources */ = {isa = PBXBuildFile; fileRef = 3EF3AD8F2BE579510023530B /* pizza.usdz */; };
		3EF3AD982BE579520023530B /* frambuesa.usdz in Resources */ = {isa = PBXBuildFile; fileRef = 3EF3AD902BE579510023530B /* frambuesa.usdz */; };
		3EF3AD9A2BE57B6E0023530B /* Model.swift in Sources */ = {isa = PBXBuildFile; fileRef = 3EF3AD992BE57B6E0023530B /* Model.swift */; };
		3EF3AD9C2BE580190023530B /* MenuView.swift in Sources */ = {isa = PBXBuildFile; fileRef = 3EF3AD9B2BE580190023530B /* MenuView.swift */; };
		3EF3AD9E2BE587B90023530B /* Settings.swift in Sources */ = {isa = PBXBuildFile; fileRef = 3EF3AD9D2BE587B90023530B /* Settings.swift */; };
		3EF3ADA02BE591260023530B /* CameraView.swift in Sources */ = {isa = PBXBuildFile; fileRef = 3EF3AD9F2BE591260023530B /* CameraView.swift */; };
		3EF3ADA22BE5925B0023530B /* CustomARView.swift in Sources */ = {isa = PBXBuildFile; fileRef = 3EF3ADA12BE5925B0023530B /* CustomARView.swift */; };
/* End PBXBuildFile section */

/* Begin PBXFileReference section */
		3EF3AD6B2BE56B490023530B /* MenuAR.app */ = {isa = PBXFileReference; explicitFileType = wrapper.application; includeInIndex = 0; path = MenuAR.app; sourceTree = BUILT_PRODUCTS_DIR; };
		3EF3AD6E2BE56B490023530B /* MenuARApp.swift */ = {isa = PBXFileReference; lastKnownFileType = sourcecode.swift; path = MenuARApp.swift; sourceTree = "<group>"; };
		3EF3AD702BE56B490023530B /* ContentView.swift */ = {isa = PBXFileReference; lastKnownFileType = sourcecode.swift; path = ContentView.swift; sourceTree = "<group>"; };
		3EF3AD722BE56B520023530B /* Assets.xcassets */ = {isa = PBXFileReference; lastKnownFileType = folder.assetcatalog; path = Assets.xcassets; sourceTree = "<group>"; };
		3EF3AD752BE56B520023530B /* Preview Assets.xcassets */ = {isa = PBXFileReference; lastKnownFileType = folder.assetcatalog; path = "Preview Assets.xcassets"; sourceTree = "<group>"; };
		3EF3AD7C2BE56CAE0023530B /* Readme.md */ = {isa = PBXFileReference; lastKnownFileType = net.daringfireball.markdown; path = Readme.md; sourceTree = "<group>"; };
		3EF3AD842BE570400023530B /* HomeView.swift */ = {isa = PBXFileReference; lastKnownFileType = sourcecode.swift; path = HomeView.swift; sourceTree = "<group>"; };
		3EF3AD862BE5768F0023530B /* ControlView.swift */ = {isa = PBXFileReference; lastKnownFileType = sourcecode.swift; path = ControlView.swift; sourceTree = "<group>"; };
		3EF3AD892BE5794B0023530B /* hamburguesa.usdz */ = {isa = PBXFileReference; lastKnownFileType = file.usdz; path = hamburguesa.usdz; sourceTree = "<group>"; };
		3EF3AD8A2BE5794C0023530B /* fresa.usdz */ = {isa = PBXFileReference; lastKnownFileType = file.usdz; path = fresa.usdz; sourceTree = "<group>"; };
		3EF3AD8B2BE5794D0023530B /* carne.usdz */ = {isa = PBXFileReference; lastKnownFileType = file.usdz; path = carne.usdz; sourceTree = "<group>"; };
		3EF3AD8C2BE5794E0023530B /* pollo.usdz */ = {isa = PBXFileReference; lastKnownFileType = file.usdz; path = pollo.usdz; sourceTree = "<group>"; };
		3EF3AD8D2BE5794F0023530B /* cereza.usdz */ = {isa = PBXFileReference; lastKnownFileType = file.usdz; path = cereza.usdz; sourceTree = "<group>"; };
		3EF3AD8E2BE5794F0023530B /* vainilla.usdz */ = {isa = PBXFileReference; lastKnownFileType = file.usdz; path = vainilla.usdz; sourceTree = "<group>"; };
		3EF3AD8F2BE579510023530B /* pizza.usdz */ = {isa = PBXFileReference; lastKnownFileType = file.usdz; path = pizza.usdz; sourceTree = "<group>"; };
		3EF3AD902BE579510023530B /* frambuesa.usdz */ = {isa = PBXFileReference; lastKnownFileType = file.usdz; path = frambuesa.usdz; sourceTree = "<group>"; };
		3EF3AD992BE57B6E0023530B /* Model.swift */ = {isa = PBXFileReference; lastKnownFileType = sourcecode.swift; path = Model.swift; sourceTree = "<group>"; };
		3EF3AD9B2BE580190023530B /* MenuView.swift */ = {isa = PBXFileReference; lastKnownFileType = sourcecode.swift; path = MenuView.swift; sourceTree = "<group>"; };
		3EF3AD9D2BE587B90023530B /* Settings.swift */ = {isa = PBXFileReference; lastKnownFileType = sourcecode.swift; path = Settings.swift; sourceTree = "<group>"; };
		3EF3AD9F2BE591260023530B /* CameraView.swift */ = {isa = PBXFileReference; lastKnownFileType = sourcecode.swift; path = CameraView.swift; sourceTree = "<group>"; };
		3EF3ADA12BE5925B0023530B /* CustomARView.swift */ = {isa = PBXFileReference; lastKnownFileType = sourcecode.swift; path = CustomARView.swift; sourceTree = "<group>"; };
/* End PBXFileReference section */

/* Begin PBXFrameworksBuildPhase section */
		3EF3AD682BE56B490023530B /* Frameworks */ = {
			isa = PBXFrameworksBuildPhase;
			buildActionMask = 2147483647;
			files = (
				3EF3AD802BE56F9C0023530B /* FocusEntity in Frameworks */,
			);
			runOnlyForDeploymentPostprocessing = 0;
		};
/* End PBXFrameworksBuildPhase section */

/* Begin PBXGroup section */
		3EF3AD622BE56B490023530B = {
			isa = PBXGroup;
			children = (
				3EF3AD6D2BE56B490023530B /* MenuAR */,
				3EF3AD6C2BE56B490023530B /* Products */,
			);
			sourceTree = "<group>";
		};
		3EF3AD6C2BE56B490023530B /* Products */ = {
			isa = PBXGroup;
			children = (
				3EF3AD6B2BE56B490023530B /* MenuAR.app */,
			);
			name = Products;
			sourceTree = "<group>";
		};
		3EF3AD6D2BE56B490023530B /* MenuAR */ = {
			isa = PBXGroup;
			children = (
				3EF3AD882BE579000023530B /* 3D Assets */,
				3EF3AD832BE56FCA0023530B /* Models */,
				3EF3AD822BE56FC00023530B /* ViewModels */,
				3EF3AD812BE56FBC0023530B /* Views */,
				3EF3AD6E2BE56B490023530B /* MenuARApp.swift */,
				3EF3AD702BE56B490023530B /* ContentView.swift */,
				3EF3AD7C2BE56CAE0023530B /* Readme.md */,
				3EF3AD722BE56B520023530B /* Assets.xcassets */,
				3EF3AD742BE56B520023530B /* Preview Content */,
			);
			path = MenuAR;
			sourceTree = "<group>";
		};
		3EF3AD742BE56B520023530B /* Preview Content */ = {
			isa = PBXGroup;
			children = (
				3EF3AD752BE56B520023530B /* Preview Assets.xcassets */,
			);
			path = "Preview Content";
			sourceTree = "<group>";
		};
		3EF3AD812BE56FBC0023530B /* Views */ = {
			isa = PBXGroup;
			children = (
				3EF3AD842BE570400023530B /* HomeView.swift */,
				3EF3AD862BE5768F0023530B /* ControlView.swift */,
				3EF3AD9B2BE580190023530B /* MenuView.swift */,
				3EF3AD9F2BE591260023530B /* CameraView.swift */,
				3EF3ADA12BE5925B0023530B /* CustomARView.swift */,
			);
			path = Views;
			sourceTree = "<group>";
		};
		3EF3AD822BE56FC00023530B /* ViewModels */ = {
			isa = PBXGroup;
			children = (
				3EF3AD9D2BE587B90023530B /* Settings.swift */,
			);
			path = ViewModels;
			sourceTree = "<group>";
		};
		3EF3AD832BE56FCA0023530B /* Models */ = {
			isa = PBXGroup;
			children = (
				3EF3AD992BE57B6E0023530B /* Model.swift */,
			);
			path = Models;
			sourceTree = "<group>";
		};
		3EF3AD882BE579000023530B /* 3D Assets */ = {
			isa = PBXGroup;
			children = (
				3EF3AD8B2BE5794D0023530B /* carne.usdz */,
				3EF3AD8D2BE5794F0023530B /* cereza.usdz */,
				3EF3AD902BE579510023530B /* frambuesa.usdz */,
				3EF3AD8A2BE5794C0023530B /* fresa.usdz */,
				3EF3AD892BE5794B0023530B /* hamburguesa.usdz */,
				3EF3AD8F2BE579510023530B /* pizza.usdz */,
				3EF3AD8C2BE5794E0023530B /* pollo.usdz */,
				3EF3AD8E2BE5794F0023530B /* vainilla.usdz */,
			);
			path = "3D Assets";
			sourceTree = "<group>";
		};
/* End PBXGroup section */

/* Begin PBXNativeTarget section */
		3EF3AD6A2BE56B490023530B /* MenuAR */ = {
			isa = PBXNativeTarget;
			buildConfigurationList = 3EF3AD792BE56B520023530B /* Build configuration list for PBXNativeTarget "MenuAR" */;
			buildPhases = (
				3EF3AD672BE56B490023530B /* Sources */,
				3EF3AD682BE56B490023530B /* Frameworks */,
				3EF3AD692BE56B490023530B /* Resources */,
			);
			buildRules = (
			);
			dependencies = (
			);
			name = MenuAR;
			packageProductDependencies = (
				3EF3AD7F2BE56F9C0023530B /* FocusEntity */,
			);
			productName = MenuAR;
			productReference = 3EF3AD6B2BE56B490023530B /* MenuAR.app */;
			productType = "com.apple.product-type.application";
		};
/* End PBXNativeTarget section */

/* Begin PBXProject section */
		3EF3AD632BE56B490023530B /* Project object */ = {
			isa = PBXProject;
			attributes = {
				BuildIndependentTargetsInParallel = 1;
				LastSwiftUpdateCheck = 1530;
				LastUpgradeCheck = 1530;
				TargetAttributes = {
					3EF3AD6A2BE56B490023530B = {
						CreatedOnToolsVersion = 15.3;
					};
				};
			};
			buildConfigurationList = 3EF3AD662BE56B490023530B /* Build configuration list for PBXProject "MenuAR" */;
			compatibilityVersion = "Xcode 14.0";
			developmentRegion = en;
			hasScannedForEncodings = 0;
			knownRegions = (
				en,
				Base,
			);
			mainGroup = 3EF3AD622BE56B490023530B;
			packageReferences = (
				3EF3AD7E2BE56F9C0023530B /* XCRemoteSwiftPackageReference "FocusEntity" */,
			);
			productRefGroup = 3EF3AD6C2BE56B490023530B /* Products */;
			projectDirPath = "";
			projectRoot = "";
			targets = (
				3EF3AD6A2BE56B490023530B /* MenuAR */,
			);
		};
/* End PBXProject section */

/* Begin PBXResourcesBuildPhase section */
		3EF3AD692BE56B490023530B /* Resources */ = {
			isa = PBXResourcesBuildPhase;
			buildActionMask = 2147483647;
			files = (
				3EF3AD962BE579520023530B /* vainilla.usdz in Resources */,
				3EF3AD922BE579510023530B /* fresa.usdz in Resources */,
				3EF3AD982BE579520023530B /* frambuesa.usdz in Resources */,
				3EF3AD952BE579520023530B /* cereza.usdz in Resources */,
				3EF3AD912BE579510023530B /* hamburguesa.usdz in Resources */,
				3EF3AD762BE56B520023530B /* Preview Assets.xcassets in Resources */,
				3EF3AD732BE56B520023530B /* Assets.xcassets in Resources */,
				3EF3AD942BE579520023530B /* pollo.usdz in Resources */,
				3EF3AD7D2BE56CAE0023530B /* Readme.md in Resources */,
				3EF3AD972BE579520023530B /* pizza.usdz in Resources */,
				3EF3AD932BE579510023530B /* carne.usdz in Resources */,
			);
			runOnlyForDeploymentPostprocessing = 0;
		};
/* End PBXResourcesBuildPhase section */

/* Begin PBXSourcesBuildPhase section */
		3EF3AD672BE56B490023530B /* Sources */ = {
			isa = PBXSourcesBuildPhase;
			buildActionMask = 2147483647;
			files = (
				3EF3AD9A2BE57B6E0023530B /* Model.swift in Sources */,
				3EF3AD9C2BE580190023530B /* MenuView.swift in Sources */,
				3EF3AD872BE5768F0023530B /* ControlView.swift in Sources */,
				3EF3AD852BE570400023530B /* HomeView.swift in Sources */,
				3EF3ADA22BE5925B0023530B /* CustomARView.swift in Sources */,
				3EF3AD9E2BE587B90023530B /* Settings.swift in Sources */,
				3EF3AD712BE56B490023530B /* ContentView.swift in Sources */,
				3EF3AD6F2BE56B490023530B /* MenuARApp.swift in Sources */,
				3EF3ADA02BE591260023530B /* CameraView.swift in Sources */,
			);
			runOnlyForDeploymentPostprocessing = 0;
		};
/* End PBXSourcesBuildPhase section */

/* Begin XCBuildConfiguration section */
		3EF3AD772BE56B520023530B /* Debug */ = {
			isa = XCBuildConfiguration;
			buildSettings = {
				ALWAYS_SEARCH_USER_PATHS = NO;
				ASSETCATALOG_COMPILER_GENERATE_SWIFT_ASSET_SYMBOL_EXTENSIONS = YES;
				CLANG_ANALYZER_NONNULL = YES;
				CLANG_ANALYZER_NUMBER_OBJECT_CONVERSION = YES_AGGRESSIVE;
				CLANG_CXX_LANGUAGE_STANDARD = "gnu++20";
				CLANG_ENABLE_MODULES = YES;
				CLANG_ENABLE_OBJC_ARC = YES;
				CLANG_ENABLE_OBJC_WEAK = YES;
				CLANG_WARN_BLOCK_CAPTURE_AUTORELEASING = YES;
				CLANG_WARN_BOOL_CONVERSION = YES;
				CLANG_WARN_COMMA = YES;
				CLANG_WARN_CONSTANT_CONVERSION = YES;
				CLANG_WARN_DEPRECATED_OBJC_IMPLEMENTATIONS = YES;
				CLANG_WARN_DIRECT_OBJC_ISA_USAGE = YES_ERROR;
				CLANG_WARN_DOCUMENTATION_COMMENTS = YES;
				CLANG_WARN_EMPTY_BODY = YES;
				CLANG_WARN_ENUM_CONVERSION = YES;
				CLANG_WARN_INFINITE_RECURSION = YES;
				CLANG_WARN_INT_CONVERSION = YES;
				CLANG_WARN_NON_LITERAL_NULL_CONVERSION = YES;
				CLANG_WARN_OBJC_IMPLICIT_RETAIN_SELF = YES;
				CLANG_WARN_OBJC_LITERAL_CONVERSION = YES;
				CLANG_WARN_OBJC_ROOT_CLASS = YES_ERROR;
				CLANG_WARN_QUOTED_INCLUDE_IN_FRAMEWORK_HEADER = YES;
				CLANG_WARN_RANGE_LOOP_ANALYSIS = YES;
				CLANG_WARN_STRICT_PROTOTYPES = YES;
				CLANG_WARN_SUSPICIOUS_MOVE = YES;
				CLANG_WARN_UNGUARDED_AVAILABILITY = YES_AGGRESSIVE;
				CLANG_WARN_UNREACHABLE_CODE = YES;
				CLANG_WARN__DUPLICATE_METHOD_MATCH = YES;
				COPY_PHASE_STRIP = NO;
				DEBUG_INFORMATION_FORMAT = dwarf;
				ENABLE_STRICT_OBJC_MSGSEND = YES;
				ENABLE_TESTABILITY = YES;
				ENABLE_USER_SCRIPT_SANDBOXING = YES;
				GCC_C_LANGUAGE_STANDARD = gnu17;
				GCC_DYNAMIC_NO_PIC = NO;
				GCC_NO_COMMON_BLOCKS = YES;
				GCC_OPTIMIZATION_LEVEL = 0;
				GCC_PREPROCESSOR_DEFINITIONS = (
					"DEBUG=1",
					"$(inherited)",
				);
				GCC_WARN_64_TO_32_BIT_CONVERSION = YES;
				GCC_WARN_ABOUT_RETURN_TYPE = YES_ERROR;
				GCC_WARN_UNDECLARED_SELECTOR = YES;
				GCC_WARN_UNINITIALIZED_AUTOS = YES_AGGRESSIVE;
				GCC_WARN_UNUSED_FUNCTION = YES;
				GCC_WARN_UNUSED_VARIABLE = YES;
				IPHONEOS_DEPLOYMENT_TARGET = 15.0;
				LOCALIZATION_PREFERS_STRING_CATALOGS = YES;
				MTL_ENABLE_DEBUG_INFO = INCLUDE_SOURCE;
				MTL_FAST_MATH = YES;
				ONLY_ACTIVE_ARCH = YES;
				SDKROOT = iphoneos;
				SWIFT_ACTIVE_COMPILATION_CONDITIONS = "DEBUG $(inherited)";
				SWIFT_OPTIMIZATION_LEVEL = "-Onone";
			};
			name = Debug;
		};
		3EF3AD782BE56B520023530B /* Release */ = {
			isa = XCBuildConfiguration;
			buildSettings = {
				ALWAYS_SEARCH_USER_PATHS = NO;
				ASSETCATALOG_COMPILER_GENERATE_SWIFT_ASSET_SYMBOL_EXTENSIONS = YES;
				CLANG_ANALYZER_NONNULL = YES;
				CLANG_ANALYZER_NUMBER_OBJECT_CONVERSION = YES_AGGRESSIVE;
				CLANG_CXX_LANGUAGE_STANDARD = "gnu++20";
				CLANG_ENABLE_MODULES = YES;
				CLANG_ENABLE_OBJC_ARC = YES;
				CLANG_ENABLE_OBJC_WEAK = YES;
				CLANG_WARN_BLOCK_CAPTURE_AUTORELEASING = YES;
				CLANG_WARN_BOOL_CONVERSION = YES;
				CLANG_WARN_COMMA = YES;
				CLANG_WARN_CONSTANT_CONVERSION = YES;
				CLANG_WARN_DEPRECATED_OBJC_IMPLEMENTATIONS = YES;
				CLANG_WARN_DIRECT_OBJC_ISA_USAGE = YES_ERROR;
				CLANG_WARN_DOCUMENTATION_COMMENTS = YES;
				CLANG_WARN_EMPTY_BODY = YES;
				CLANG_WARN_ENUM_CONVERSION = YES;
				CLANG_WARN_INFINITE_RECURSION = YES;
				CLANG_WARN_INT_CONVERSION = YES;
				CLANG_WARN_NON_LITERAL_NULL_CONVERSION = YES;
				CLANG_WARN_OBJC_IMPLICIT_RETAIN_SELF = YES;
				CLANG_WARN_OBJC_LITERAL_CONVERSION = YES;
				CLANG_WARN_OBJC_ROOT_CLASS = YES_ERROR;
				CLANG_WARN_QUOTED_INCLUDE_IN_FRAMEWORK_HEADER = YES;
				CLANG_WARN_RANGE_LOOP_ANALYSIS = YES;
				CLANG_WARN_STRICT_PROTOTYPES = YES;
				CLANG_WARN_SUSPICIOUS_MOVE = YES;
				CLANG_WARN_UNGUARDED_AVAILABILITY = YES_AGGRESSIVE;
				CLANG_WARN_UNREACHABLE_CODE = YES;
				CLANG_WARN__DUPLICATE_METHOD_MATCH = YES;
				COPY_PHASE_STRIP = NO;
				DEBUG_INFORMATION_FORMAT = "dwarf-with-dsym";
				ENABLE_NS_ASSERTIONS = NO;
				ENABLE_STRICT_OBJC_MSGSEND = YES;
				ENABLE_USER_SCRIPT_SANDBOXING = YES;
				GCC_C_LANGUAGE_STANDARD = gnu17;
				GCC_NO_COMMON_BLOCKS = YES;
				GCC_WARN_64_TO_32_BIT_CONVERSION = YES;
				GCC_WARN_ABOUT_RETURN_TYPE = YES_ERROR;
				GCC_WARN_UNDECLARED_SELECTOR = YES;
				GCC_WARN_UNINITIALIZED_AUTOS = YES_AGGRESSIVE;
				GCC_WARN_UNUSED_FUNCTION = YES;
				GCC_WARN_UNUSED_VARIABLE = YES;
				IPHONEOS_DEPLOYMENT_TARGET = 15.0;
				LOCALIZATION_PREFERS_STRING_CATALOGS = YES;
				MTL_ENABLE_DEBUG_INFO = NO;
				MTL_FAST_MATH = YES;
				SDKROOT = iphoneos;
				SWIFT_COMPILATION_MODE = wholemodule;
				VALIDATE_PRODUCT = YES;
			};
			name = Release;
		};
		3EF3AD7A2BE56B520023530B /* Debug */ = {
			isa = XCBuildConfiguration;
			buildSettings = {
				ASSETCATALOG_COMPILER_APPICON_NAME = AppIcon;
				ASSETCATALOG_COMPILER_GLOBAL_ACCENT_COLOR_NAME = AccentColor;
				CODE_SIGN_STYLE = Automatic;
				CURRENT_PROJECT_VERSION = 1;
				DEVELOPMENT_ASSET_PATHS = "\"MenuAR/Preview Content\"";
				DEVELOPMENT_TEAM = 49PNZ9QC53;
				ENABLE_PREVIEWS = YES;
				GENERATE_INFOPLIST_FILE = YES;
				INFOPLIST_KEY_NSCameraUsageDescription = "We want to access to you camera";
				INFOPLIST_KEY_UIApplicationSceneManifest_Generation = YES;
				INFOPLIST_KEY_UIApplicationSupportsIndirectInputEvents = YES;
				INFOPLIST_KEY_UILaunchScreen_Generation = YES;
				INFOPLIST_KEY_UIRequiredDeviceCapabilities = "arkit armv7";
				INFOPLIST_KEY_UISupportedInterfaceOrientations_iPad = "UIInterfaceOrientationPortrait UIInterfaceOrientationPortraitUpsideDown UIInterfaceOrientationLandscapeLeft UIInterfaceOrientationLandscapeRight";
				INFOPLIST_KEY_UISupportedInterfaceOrientations_iPhone = "UIInterfaceOrientationPortrait UIInterfaceOrientationLandscapeLeft UIInterfaceOrientationLandscapeRight";
				IPHONEOS_DEPLOYMENT_TARGET = 15.0;
				LD_RUNPATH_SEARCH_PATHS = (
					"$(inherited)",
					"@executable_path/Frameworks",
				);
				MARKETING_VERSION = 1.0;
				PRODUCT_BUNDLE_IDENTIFIER = com.enriquesarmiento.MenuAR;
				PRODUCT_NAME = "$(TARGET_NAME)";
				SWIFT_EMIT_LOC_STRINGS = YES;
				SWIFT_VERSION = 5.0;
				TARGETED_DEVICE_FAMILY = "1,2";
			};
			name = Debug;
		};
		3EF3AD7B2BE56B520023530B /* Release */ = {
			isa = XCBuildConfiguration;
			buildSettings = {
				ASSETCATALOG_COMPILER_APPICON_NAME = AppIcon;
				ASSETCATALOG_COMPILER_GLOBAL_ACCENT_COLOR_NAME = AccentColor;
				CODE_SIGN_STYLE = Automatic;
				CURRENT_PROJECT_VERSION = 1;
				DEVELOPMENT_ASSET_PATHS = "\"MenuAR/Preview Content\"";
				DEVELOPMENT_TEAM = 49PNZ9QC53;
				ENABLE_PREVIEWS = YES;
				GENERATE_INFOPLIST_FILE = YES;
				INFOPLIST_KEY_NSCameraUsageDescription = "We want to access to you camera";
				INFOPLIST_KEY_UIApplicationSceneManifest_Generation = YES;
				INFOPLIST_KEY_UIApplicationSupportsIndirectInputEvents = YES;
				INFOPLIST_KEY_UILaunchScreen_Generation = YES;
				INFOPLIST_KEY_UIRequiredDeviceCapabilities = "arkit armv7";
				INFOPLIST_KEY_UISupportedInterfaceOrientations_iPad = "UIInterfaceOrientationPortrait UIInterfaceOrientationPortraitUpsideDown UIInterfaceOrientationLandscapeLeft UIInterfaceOrientationLandscapeRight";
				INFOPLIST_KEY_UISupportedInterfaceOrientations_iPhone = "UIInterfaceOrientationPortrait UIInterfaceOrientationLandscapeLeft UIInterfaceOrientationLandscapeRight";
				IPHONEOS_DEPLOYMENT_TARGET = 15.0;
				LD_RUNPATH_SEARCH_PATHS = (
					"$(inherited)",
					"@executable_path/Frameworks",
				);
				MARKETING_VERSION = 1.0;
				PRODUCT_BUNDLE_IDENTIFIER = com.enriquesarmiento.MenuAR;
				PRODUCT_NAME = "$(TARGET_NAME)";
				SWIFT_EMIT_LOC_STRINGS = YES;
				SWIFT_VERSION = 5.0;
				TARGETED_DEVICE_FAMILY = "1,2";
			};
			name = Release;
		};
/* End XCBuildConfiguration section */

/* Begin XCConfigurationList section */
		3EF3AD662BE56B490023530B /* Build configuration list for PBXProject "MenuAR" */ = {
			isa = XCConfigurationList;
			buildConfigurations = (
				3EF3AD772BE56B520023530B /* Debug */,
				3EF3AD782BE56B520023530B /* Release */,
			);
			defaultConfigurationIsVisible = 0;
			defaultConfigurationName = Release;
		};
		3EF3AD792BE56B520023530B /* Build configuration list for PBXNativeTarget "MenuAR" */ = {
			isa = XCConfigurationList;
			buildConfigurations = (
				3EF3AD7A2BE56B520023530B /* Debug */,
				3EF3AD7B2BE56B520023530B /* Release */,
			);
			defaultConfigurationIsVisible = 0;
			defaultConfigurationName = Release;
		};
/* End XCConfigurationList section */

/* Begin XCRemoteSwiftPackageReference section */
		3EF3AD7E2BE56F9C0023530B /* XCRemoteSwiftPackageReference "FocusEntity" */ = {
			isa = XCRemoteSwiftPackageReference;
			repositoryURL = "https://github.com/maxxfrazer/FocusEntity";
			requirement = {
				kind = upToNextMajorVersion;
				minimumVersion = 2.5.1;
			};
		};
/* End XCRemoteSwiftPackageReference section */

/* Begin XCSwiftPackageProductDependency section */
		3EF3AD7F2BE56F9C0023530B /* FocusEntity */ = {
			isa = XCSwiftPackageProductDependency;
			package = 3EF3AD7E2BE56F9C0023530B /* XCRemoteSwiftPackageReference "FocusEntity" */;
			productName = FocusEntity;
		};
/* End XCSwiftPackageProductDependency section */
	};
	rootObject = 3EF3AD632BE56B490023530B /* Project object */;
}
